PODS:
  - Flutter (1.0.0)
  - flutter_opentok (0.0.1):
    - Flutter
  - OpenTok (2.15.3)

DEPENDENCIES:
  - Flutter (from `.symlinks/flutter/ios`)
  - flutter_opentok (from `.symlinks/plugins/flutter_opentok/ios`)
  - OpenTok

SPEC REPOS:
  https://github.com/cocoapods/specs.git:
    - OpenTok

EXTERNAL SOURCES:
  Flutter:
    :path: ".symlinks/flutter/ios"
  flutter_opentok:
    :path: ".symlinks/plugins/flutter_opentok/ios"

SPEC CHECKSUMS:
  Flutter: 58dd7d1b27887414a370fcccb9e645c08ffd7a6a
  flutter_opentok: 01b039924b0cdbed657def03b762b2f5e64e3da8
  OpenTok: fde03ecc5ea31fe0a453242847c4ee1f47e1d735

PODFILE CHECKSUM: 2abcd267d00d3d387d1121bd7669b816295c90ce

COCOAPODS: 1.7.3
